
Microsoft Visual Studio Solution File, Format Version 12.00
# Visual Studio Version 17
VisualStudioVersion = 17.10.35122.118
MinimumVisualStudioVersion = 10.0.40219.1
Project("{FAE04EC0-301F-11D3-BF4B-00C04F79EFBC}") = "FilmSitesiJavascript", "FilmSitesiJavascript.csproj", "{BCD41746-099C-42EE-AB0B-A6799595FC43}"
EndProject
Global
	GlobalSection(SolutionConfigurationPlatforms) = preSolution
		Debug|Any CPU = Debug|Any CPU
		Release|Any CPU = Release|Any CPU
	EndGlobalSection
	GlobalSection(ProjectConfigurationPlatforms) = postSolution
		{BCD41746-099C-42EE-AB0B-A6799595FC43}.Debug|Any CPU.ActiveCfg = Debug|Any CPU
		{BCD41746-099C-42EE-AB0B-A6799595FC43}.Debug|Any CPU.Build.0 = Debug|Any CPU
		{BCD41746-099C-42EE-AB0B-A6799595FC43}.Release|Any CPU.ActiveCfg = Release|Any CPU
		{BCD41746-099C-42EE-AB0B-A6799595FC43}.Release|Any CPU.Build.0 = Release|Any CPU
	EndGlobalSection
	GlobalSection(SolutionProperties) = preSolution
		HideSolutionNode = FALSE
	EndGlobalSection
	GlobalSection(ExtensibilityGlobals) = postSolution
		SolutionGuid = {4FD64A9A-9C2F-4409-9C84-01B67452B2E1}
	EndGlobalSection
EndGlobal
